<?xml version="1.0" encoding="UTF-8" standalone="yes" ?>
<CodeBlocks_project_file>
	<FileVersion major="1" minor="6" />
	<Project>
		<Option title="brainfuck-companion" />
		<Option pch_mode="2" />
		<Option compiler="gcc" />
		<Build>
			<Target title="Debug">
				<Option output="bin/Debug/brainfuck-companion" prefix_auto="1" extension_auto="1" />
				<Option object_output="obj/Debug/" />
				<Option type="1" />
				<Option compiler="gcc" />
				<Option parameters="examples\reverse.bf" />
				<Compiler>
					<Add option="-g" />
					<Add directory="include" />
				</Compiler>
			</Target>
			<Target title="Release">
				<Option output="bin/Release/brainfuck-companion" prefix_auto="1" extension_auto="1" />
				<Option object_output="obj/Release/" />
				<Option type="1" />
				<Option compiler="gcc" />
				<Option parameters="examples\reverse.bf" />
				<Compiler>
					<Add option="-O2" />
					<Add directory="include" />
				</Compiler>
				<Linker>
					<Add option="-s" />
				</Linker>
			</Target>
		</Build>
		<Compiler>
			<Add option="-Wall" />
			<Add option="-fexceptions" />
		</Compiler>
		<Unit filename="include/BrainfuckExecutor.h" />
		<Unit filename="include/Display.h" />
		<Unit filename="include/FixedInstructionProvider.h" />
		<Unit filename="include/IO.h" />
		<Unit filename="include/InputProvider.h" />
		<Unit filename="include/InstructionProvider.h" />
		<Unit filename="include/LiveInstructionProvider.h" />
		<Unit filename="include/StdDisplay.h" />
		<Unit filename="include/StdInputProvider.h" />
		<Unit filename="include/Tape.h" />
		<Unit filename="lbf_1.0.c">
			<Option compilerVar="CC" />
		</Unit>
		<Unit filename="main.cpp" />
		<Unit filename="src/BrainfuckExecutor.cpp" />
		<Unit filename="src/Display.cpp" />
		<Unit filename="src/FixedInstructionProvider.cpp" />
		<Unit filename="src/IO.cpp" />
		<Unit filename="src/InputProvider.cpp" />
		<Unit filename="src/InstructionProvider.cpp" />
		<Unit filename="src/LiveInstructionProvider.cpp" />
		<Unit filename="src/StdDisplay.cpp" />
		<Unit filename="src/StdInputProvider.cpp" />
		<Unit filename="src/Tape.cpp" />
		<Extensions>
			<code_completion />
			<envvars />
			<debugger />
		</Extensions>
	</Project>
</CodeBlocks_project_file>
